{
  "name": "meteor",
  "version": "1.0.0",
  "lockfileVersion": 1,
  "requires": true,
  "dependencies": {
    "bootstrap": {
      "version": "3.3.7",
      "resolved": "https://registry.npmjs.org/bootstrap/-/bootstrap-3.3.7.tgz",
      "integrity": "sha1-WjiTlFSfIzMIdaOxUGVldPip63E="
    },
    "bootstrap-sass": {
      "version": "3.3.7",
      "resolved": "https://registry.npmjs.org/bootstrap-sass/-/bootstrap-sass-3.3.7.tgz",
      "integrity": "sha1-ZZbHq0D2Y3OTMjqwvIDQZPxjBJg=",
      "dev": true
    },
    "bootswatch": {
      "version": "3.3.7",
      "resolved": "https://registry.npmjs.org/bootswatch/-/bootswatch-3.3.7.tgz",
      "integrity": "sha1-62+amoUjuHpwbqkd7sPg1+qoqx8="
    },
    "clrs": {
      "version": "0.2.0",
      "resolved": "https://registry.npmjs.org/clrs/-/clrs-0.2.0.tgz",
      "integrity": "sha1-LkABteHh6Ky6xDXlmy/jM5qCG+Q=",
      "requires": {
        "stylus": "0.42.3"
      }
    },
    "css-parse": {
      "version": "1.7.0",
      "resolved": "https://registry.npmjs.org/css-parse/-/css-parse-1.7.0.tgz",
      "integrity": "sha1-Mh9s9zeCpv91ERE5D8BeLGV9jJs="
    },
    "debug": {
      "version": "2.6.8",
      "resolved": "https://registry.npmjs.org/debug/-/debug-2.6.8.tgz",
      "integrity": "sha1-5zFTHKLt4n0YgiJCfaF4IdaP9Pw=",
      "requires": {
        "ms": "2.0.0"
      }
    },
    "glob": {
      "version": "3.2.11",
      "resolved": "https://registry.npmjs.org/glob/-/glob-3.2.11.tgz",
      "integrity": "sha1-Spc/Y1uRkPcV0QmH1cAP0oFevj0=",
      "requires": {
        "inherits": "2.0.3",
        "minimatch": "0.3.0"
      }
    },
    "inherits": {
      "version": "2.0.3",
      "resolved": "https://registry.npmjs.org/inherits/-/inherits-2.0.3.tgz",
      "integrity": "sha1-Yzwsg+PaQqUC9SRmAiSA9CCCYd4="
    },
    "lru-cache": {
      "version": "2.7.3",
      "resolved": "https://registry.npmjs.org/lru-cache/-/lru-cache-2.7.3.tgz",
      "integrity": "sha1-bUUk6LlV+V1PW1iFHOId1y+06VI="
    },
    "minimatch": {
      "version": "0.3.0",
      "resolved": "https://registry.npmjs.org/minimatch/-/minimatch-0.3.0.tgz",
      "integrity": "sha1-J12O2qxPG7MyZHIInnlJyDlGmd0=",
      "requires": {
        "lru-cache": "2.7.3",
        "sigmund": "1.0.1"
      }
    },
    "mkdirp": {
      "version": "0.3.5",
      "resolved": "https://registry.npmjs.org/mkdirp/-/mkdirp-0.3.5.tgz",
      "integrity": "sha1-3j5fiWHIjHh+4TaN+EmsRBPsqNc="
    },
    "ms": {
      "version": "2.0.0",
      "resolved": "https://registry.npmjs.org/ms/-/ms-2.0.0.tgz",
      "integrity": "sha1-VgiurfwAvmwpAd9fmGF4jeDVl8g="
    },
    "sax": {
      "version": "0.5.8",
      "resolved": "https://registry.npmjs.org/sax/-/sax-0.5.8.tgz",
      "integrity": "sha1-1HLbIo6zMcJQaw6MFVJK25OdEsE="
    },
    "sigmund": {
      "version": "1.0.1",
      "resolved": "https://registry.npmjs.org/sigmund/-/sigmund-1.0.1.tgz",
      "integrity": "sha1-P/IfGYytIXX587eBhT/ZTQ0ZtZA="
    },
    "stylus": {
      "version": "0.42.3",
      "resolved": "https://registry.npmjs.org/stylus/-/stylus-0.42.3.tgz",
      "integrity": "sha1-I+iz5x639gvEplfeSYyP65w2bDI=",
      "requires": {
        "css-parse": "1.7.0",
        "debug": "2.6.8",
        "glob": "3.2.11",
        "mkdirp": "0.3.5",
        "sax": "0.5.8"
      }
    }
  }
}
